
Microsoft Visual Studio Solution File, Format Version 12.00
# Visual Studio Version 17
VisualStudioVersion = 17.0.31903.59
MinimumVisualStudioVersion = 10.0.40219.1
Project("{FAE04EC0-301F-11D3-BF4B-00C04F79EFBC}") = "Rochas.CacheIndexer", "Rochas.CacheIndexer\Rochas.CacheIndexer.csproj", "{5C212118-D52B-412C-AF57-40FFEC08F543}"
EndProject
Project("{FAE04EC0-301F-11D3-BF4B-00C04F79EFBC}") = "Rochas.CacheIndexer.Tests", "Rochas.CacheIndexer.Tests\Rochas.CacheIndexer.Tests.csproj", "{AFD5DDD6-8559-4CC3-8A1F-7714EDB93770}"
EndProject
Global
	GlobalSection(SolutionConfigurationPlatforms) = preSolution
		Debug|Any CPU = Debug|Any CPU
		Release|Any CPU = Release|Any CPU
	EndGlobalSection
	GlobalSection(SolutionProperties) = preSolution
		HideSolutionNode = FALSE
	EndGlobalSection
	GlobalSection(ProjectConfigurationPlatforms) = postSolution
		{5C212118-D52B-412C-AF57-40FFEC08F543}.Debug|Any CPU.ActiveCfg = Debug|Any CPU
		{5C212118-D52B-412C-AF57-40FFEC08F543}.Debug|Any CPU.Build.0 = Debug|Any CPU
		{5C212118-D52B-412C-AF57-40FFEC08F543}.Release|Any CPU.ActiveCfg = Release|Any CPU
		{5C212118-D52B-412C-AF57-40FFEC08F543}.Release|Any CPU.Build.0 = Release|Any CPU
		{AFD5DDD6-8559-4CC3-8A1F-7714EDB93770}.Debug|Any CPU.ActiveCfg = Debug|Any CPU
		{AFD5DDD6-8559-4CC3-8A1F-7714EDB93770}.Debug|Any CPU.Build.0 = Debug|Any CPU
		{AFD5DDD6-8559-4CC3-8A1F-7714EDB93770}.Release|Any CPU.ActiveCfg = Release|Any CPU
		{AFD5DDD6-8559-4CC3-8A1F-7714EDB93770}.Release|Any CPU.Build.0 = Release|Any CPU
	EndGlobalSection
EndGlobal
